{
  "name": "modules",
  "version": "0.0.0",
  "lockfileVersion": 1,
  "requires": true,
  "dependencies": {
    "browser": {
      "version": "file:browser"
    },
    "node": {
      "version": "file:node"
    },
    "server": {
      "version": "file:server"
    },
    "universal": {
      "version": "file:universal"
    }
  }
}
